
Microsoft Visual Studio Solution File, Format Version 12.00
# Visual Studio 15
VisualStudioVersion = 15.0.27703.2042
MinimumVisualStudioVersion = 10.0.40219.1
Project("{FAE04EC0-301F-11D3-BF4B-00C04F79EFBC}") = "SQLDataStore", "..\SQLDataStore\SQLDataStore.csproj", "{92CD9FED-6E59-4973-9B0F-856FE1AA9848}"
EndProject
Project("{FAE04EC0-301F-11D3-BF4B-00C04F79EFBC}") = "DataInterface", "..\DataInterface\DataInterface.csproj", "{9A1E00B3-56AF-475E-8139-9E9B1F397117}"
EndProject
Project("{FAE04EC0-301F-11D3-BF4B-00C04F79EFBC}") = "Encryptor", "..\Encryptor\Encryptor.csproj", "{5DD8479E-70B4-4E9F-A02B-45EF7CBDD02F}"
EndProject
Project("{FAE04EC0-301F-11D3-BF4B-00C04F79EFBC}") = "MySqlDataStore", "..\MySqlDataStore\MySqlDataStore.csproj", "{2BFE041C-D667-4A75-971D-30DB679C2A17}"
EndProject
Global
	GlobalSection(SolutionConfigurationPlatforms) = preSolution
		Debug|Any CPU = Debug|Any CPU
		Release|Any CPU = Release|Any CPU
	EndGlobalSection
	GlobalSection(ProjectConfigurationPlatforms) = postSolution
		{92CD9FED-6E59-4973-9B0F-856FE1AA9848}.Debug|Any CPU.ActiveCfg = Debug|Any CPU
		{92CD9FED-6E59-4973-9B0F-856FE1AA9848}.Debug|Any CPU.Build.0 = Debug|Any CPU
		{92CD9FED-6E59-4973-9B0F-856FE1AA9848}.Release|Any CPU.ActiveCfg = Release|Any CPU
		{92CD9FED-6E59-4973-9B0F-856FE1AA9848}.Release|Any CPU.Build.0 = Release|Any CPU
		{9A1E00B3-56AF-475E-8139-9E9B1F397117}.Debug|Any CPU.ActiveCfg = Debug|Any CPU
		{9A1E00B3-56AF-475E-8139-9E9B1F397117}.Debug|Any CPU.Build.0 = Debug|Any CPU
		{9A1E00B3-56AF-475E-8139-9E9B1F397117}.Release|Any CPU.ActiveCfg = Release|Any CPU
		{9A1E00B3-56AF-475E-8139-9E9B1F397117}.Release|Any CPU.Build.0 = Release|Any CPU
		{5DD8479E-70B4-4E9F-A02B-45EF7CBDD02F}.Debug|Any CPU.ActiveCfg = Debug|Any CPU
		{5DD8479E-70B4-4E9F-A02B-45EF7CBDD02F}.Debug|Any CPU.Build.0 = Debug|Any CPU
		{5DD8479E-70B4-4E9F-A02B-45EF7CBDD02F}.Release|Any CPU.ActiveCfg = Release|Any CPU
		{5DD8479E-70B4-4E9F-A02B-45EF7CBDD02F}.Release|Any CPU.Build.0 = Release|Any CPU
		{2BFE041C-D667-4A75-971D-30DB679C2A17}.Debug|Any CPU.ActiveCfg = Debug|Any CPU
		{2BFE041C-D667-4A75-971D-30DB679C2A17}.Debug|Any CPU.Build.0 = Debug|Any CPU
		{2BFE041C-D667-4A75-971D-30DB679C2A17}.Release|Any CPU.ActiveCfg = Release|Any CPU
		{2BFE041C-D667-4A75-971D-30DB679C2A17}.Release|Any CPU.Build.0 = Release|Any CPU
	EndGlobalSection
	GlobalSection(SolutionProperties) = preSolution
		HideSolutionNode = FALSE
	EndGlobalSection
	GlobalSection(ExtensibilityGlobals) = postSolution
		SolutionGuid = {6B67212F-BFA2-4B09-A990-DE9DD5DD3DE6}
	EndGlobalSection
EndGlobal
